
Microsoft Visual Studio Solution File, Format Version 11.00
# Visual Studio 2010 Express for Windows Phone
Project("{FAE04EC0-301F-11D3-BF4B-00C04F79EFBC}") = "SevenDigital.Api.Schema", "src\WP7\SevenDigital.Api.Schema\SevenDigital.Api.Schema.csproj", "{AC274EC8-B9F2-40E8-9F5B-1F3299F895C3}"
EndProject
Project("{FAE04EC0-301F-11D3-BF4B-00C04F79EFBC}") = "SevenDigital.Api.Wrapper", "src\WP7\SevenDigital.Api.Wrapper\SevenDigital.Api.Wrapper.csproj", "{1D2777B8-FE77-40C3-9396-E4CCD7950F47}"
EndProject
Global
	GlobalSection(SolutionConfigurationPlatforms) = preSolution
		Debug|Any CPU = Debug|Any CPU
		Release|Any CPU = Release|Any CPU
	EndGlobalSection
	GlobalSection(ProjectConfigurationPlatforms) = postSolution
		{AC274EC8-B9F2-40E8-9F5B-1F3299F895C3}.Debug|Any CPU.ActiveCfg = Debug|Any CPU
		{AC274EC8-B9F2-40E8-9F5B-1F3299F895C3}.Debug|Any CPU.Build.0 = Debug|Any CPU
		{AC274EC8-B9F2-40E8-9F5B-1F3299F895C3}.Release|Any CPU.ActiveCfg = Release|Any CPU
		{AC274EC8-B9F2-40E8-9F5B-1F3299F895C3}.Release|Any CPU.Build.0 = Release|Any CPU
		{1D2777B8-FE77-40C3-9396-E4CCD7950F47}.Debug|Any CPU.ActiveCfg = Debug|Any CPU
		{1D2777B8-FE77-40C3-9396-E4CCD7950F47}.Debug|Any CPU.Build.0 = Debug|Any CPU
		{1D2777B8-FE77-40C3-9396-E4CCD7950F47}.Release|Any CPU.ActiveCfg = Release|Any CPU
		{1D2777B8-FE77-40C3-9396-E4CCD7950F47}.Release|Any CPU.Build.0 = Release|Any CPU
	EndGlobalSection
	GlobalSection(SolutionProperties) = preSolution
		HideSolutionNode = FALSE
	EndGlobalSection
	GlobalSection(NestedProjects) = preSolution
		{D50F88A7-7478-4828-980B-776190152706} = {2BDF1171-1DD2-44D0-AB6F-74623487E1B1}
		{5254EEA7-30DC-4322-A4C4-62BC3D6CF8D7} = {2BDF1171-1DD2-44D0-AB6F-74623487E1B1}
		{2769A09B-5F43-452D-A174-56B4BB2F77C8} = {2BDF1171-1DD2-44D0-AB6F-74623487E1B1}
		{AC274EC8-B9F2-40E8-9F5B-1F3299F895C3} = {92ECD99C-159D-448C-97EA-DD63BC8289D3}
		{1D2777B8-FE77-40C3-9396-E4CCD7950F47} = {92ECD99C-159D-448C-97EA-DD63BC8289D3}
	EndGlobalSection
EndGlobal
