
Microsoft Visual Studio Solution File, Format Version 11.00
# Visual Studio 2010
Project("{FAE04EC0-301F-11D3-BF4B-00C04F79EFBC}") = "SevenDigital.Api.Wrapper", "src\SevenDigital.Api.Wrapper\SevenDigital.Api.Wrapper.csproj", "{42B4EE01-CDC9-482D-BBB1-B6147A6EA00D}"
EndProject
Project("{FAE04EC0-301F-11D3-BF4B-00C04F79EFBC}") = "SevenDigital.Api.Wrapper.Unit.Tests", "src\SevenDigital.Api.Wrapper.Unit.Tests\SevenDigital.Api.Wrapper.Unit.Tests.csproj", "{8B74D4BA-15E9-4278-AD2F-2709621873DE}"
EndProject
Global
	GlobalSection(SolutionConfigurationPlatforms) = preSolution
		Debug|Any CPU = Debug|Any CPU
		Release|Any CPU = Release|Any CPU
	EndGlobalSection
	GlobalSection(ProjectConfigurationPlatforms) = postSolution
		{42B4EE01-CDC9-482D-BBB1-B6147A6EA00D}.Debug|Any CPU.ActiveCfg = Debug|Any CPU
		{42B4EE01-CDC9-482D-BBB1-B6147A6EA00D}.Debug|Any CPU.Build.0 = Debug|Any CPU
		{42B4EE01-CDC9-482D-BBB1-B6147A6EA00D}.Release|Any CPU.ActiveCfg = Release|Any CPU
		{42B4EE01-CDC9-482D-BBB1-B6147A6EA00D}.Release|Any CPU.Build.0 = Release|Any CPU
		{8B74D4BA-15E9-4278-AD2F-2709621873DE}.Debug|Any CPU.ActiveCfg = Debug|Any CPU
		{8B74D4BA-15E9-4278-AD2F-2709621873DE}.Debug|Any CPU.Build.0 = Debug|Any CPU
		{8B74D4BA-15E9-4278-AD2F-2709621873DE}.Release|Any CPU.ActiveCfg = Release|Any CPU
		{8B74D4BA-15E9-4278-AD2F-2709621873DE}.Release|Any CPU.Build.0 = Release|Any CPU
	EndGlobalSection
	GlobalSection(SolutionProperties) = preSolution
		HideSolutionNode = FALSE
	EndGlobalSection
EndGlobal
