
Microsoft Visual Studio Solution File, Format Version 11.00
# Visual Studio 2010
Project("{FAE04EC0-301F-11D3-BF4B-00C04F79EFBC}") = "SevenDigital.Api.Wrapper", "src\SevenDigital.Api.Wrapper\SevenDigital.Api.Wrapper.csproj", "{42B4EE01-CDC9-482D-BBB1-B6147A6EA00D}"
EndProject
Project("{FAE04EC0-301F-11D3-BF4B-00C04F79EFBC}") = "SevenDigital.Api.Wrapper.Unit.Tests", "src\SevenDigital.Api.Wrapper.Unit.Tests\SevenDigital.Api.Wrapper.Unit.Tests.csproj", "{8B74D4BA-15E9-4278-AD2F-2709621873DE}"
EndProject
Project("{FAE04EC0-301F-11D3-BF4B-00C04F79EFBC}") = "SevenDigital.Api.Wrapper.Integration.Tests", "src\SevenDigital.Api.Wrapper.Integration.Tests\SevenDigital.Api.Wrapper.Integration.Tests.csproj", "{7E73372C-F9A3-4078-8D01-E2BB79B15A84}"
EndProject
Project("{FAE04EC0-301F-11D3-BF4B-00C04F79EFBC}") = "SevenDigital.Api.Wrapper.ExampleUsage", "src\SevenDigital.Api.Wrapper.ExampleUsage\SevenDigital.Api.Wrapper.ExampleUsage.csproj", "{4FC435ED-7811-4E50-BC9C-76638A4101D5}"
EndProject
Project("{FAE04EC0-301F-11D3-BF4B-00C04F79EFBC}") = "SevenDigital.Api.Dynamic", "src\SevenDigital.Api.Dynamic\SevenDigital.Api.Dynamic.csproj", "{2769A09B-5F43-452D-A174-56B4BB2F77C8}"
EndProject
Project("{FAE04EC0-301F-11D3-BF4B-00C04F79EFBC}") = "SevenDigital.Api.Dynamic.Integration.Tests", "src\SevenDigital.Api.Dynamic.Integration.Tests\SevenDigital.Api.Dynamic.Integration.Tests.csproj", "{D50F88A7-7478-4828-980B-776190152706}"
EndProject
Project("{FAE04EC0-301F-11D3-BF4B-00C04F79EFBC}") = "SevenDigital.Api.Dynamic.Unit.Tests", "src\SevenDigital.Api.Dynamic.Unit.Tests\SevenDigital.Api.Dynamic.Unit.Tests.csproj", "{5254EEA7-30DC-4322-A4C4-62BC3D6CF8D7}"
EndProject
Project("{2150E333-8FDC-42A3-9474-1A3956D46DE8}") = "Dynamic", "Dynamic", "{2BDF1171-1DD2-44D0-AB6F-74623487E1B1}"
EndProject
Project("{FAE04EC0-301F-11D3-BF4B-00C04F79EFBC}") = "SevenDigital.Api.Schema", "src\SevenDigital.Api.Schema\SevenDigital.Api.Schema.csproj", "{513C4B04-994E-4149-BFD6-A6910E0F95B8}"
EndProject
Project("{FAE04EC0-301F-11D3-BF4B-00C04F79EFBC}") = "SevenDigital.Api.Schema.Unit.Tests", "src\SevenDigital.Api.Schema.Unit.Tests\SevenDigital.Api.Schema.Unit.Tests.csproj", "{E421350F-D18D-4D30-B9EE-53CC360097FA}"
EndProject
Project("{2150E333-8FDC-42A3-9474-1A3956D46DE8}") = "WP7", "WP7", "{65A88536-8FD8-471B-A1F2-F7F2935E73A2}"
EndProject
Project("{FAE04EC0-301F-11D3-BF4B-00C04F79EFBC}") = "SevenDigital.Api.Wrapper", "src\WP7\SevenDigital.Api.Wrapper\SevenDigital.Api.Wrapper.csproj", "{1D2777B8-FE77-40C3-9396-E4CCD7950F47}"
EndProject
Project("{FAE04EC0-301F-11D3-BF4B-00C04F79EFBC}") = "SevenDigital.Api.Schema", "src\WP7\SevenDigital.Api.Schema\SevenDigital.Api.Schema.csproj", "{AC274EC8-B9F2-40E8-9F5B-1F3299F895C3}"
EndProject
Global
	GlobalSection(SolutionConfigurationPlatforms) = preSolution
		Debug|Any CPU = Debug|Any CPU
		Debug|Mixed Platforms = Debug|Mixed Platforms
		Debug|x86 = Debug|x86
		Release|Any CPU = Release|Any CPU
		Release|Mixed Platforms = Release|Mixed Platforms
		Release|x86 = Release|x86
	EndGlobalSection
	GlobalSection(ProjectConfigurationPlatforms) = postSolution
		{42B4EE01-CDC9-482D-BBB1-B6147A6EA00D}.Debug|Any CPU.ActiveCfg = Debug|Any CPU
		{42B4EE01-CDC9-482D-BBB1-B6147A6EA00D}.Debug|Any CPU.Build.0 = Debug|Any CPU
		{42B4EE01-CDC9-482D-BBB1-B6147A6EA00D}.Debug|Mixed Platforms.ActiveCfg = Debug|Any CPU
		{42B4EE01-CDC9-482D-BBB1-B6147A6EA00D}.Debug|Mixed Platforms.Build.0 = Debug|Any CPU
		{42B4EE01-CDC9-482D-BBB1-B6147A6EA00D}.Debug|x86.ActiveCfg = Debug|Any CPU
		{42B4EE01-CDC9-482D-BBB1-B6147A6EA00D}.Release|Any CPU.ActiveCfg = Release|Any CPU
		{42B4EE01-CDC9-482D-BBB1-B6147A6EA00D}.Release|Any CPU.Build.0 = Release|Any CPU
		{42B4EE01-CDC9-482D-BBB1-B6147A6EA00D}.Release|Mixed Platforms.ActiveCfg = Release|Any CPU
		{42B4EE01-CDC9-482D-BBB1-B6147A6EA00D}.Release|Mixed Platforms.Build.0 = Release|Any CPU
		{42B4EE01-CDC9-482D-BBB1-B6147A6EA00D}.Release|x86.ActiveCfg = Release|Any CPU
		{8B74D4BA-15E9-4278-AD2F-2709621873DE}.Debug|Any CPU.ActiveCfg = Debug|Any CPU
		{8B74D4BA-15E9-4278-AD2F-2709621873DE}.Debug|Any CPU.Build.0 = Debug|Any CPU
		{8B74D4BA-15E9-4278-AD2F-2709621873DE}.Debug|Mixed Platforms.ActiveCfg = Debug|Any CPU
		{8B74D4BA-15E9-4278-AD2F-2709621873DE}.Debug|Mixed Platforms.Build.0 = Debug|Any CPU
		{8B74D4BA-15E9-4278-AD2F-2709621873DE}.Debug|x86.ActiveCfg = Debug|Any CPU
		{8B74D4BA-15E9-4278-AD2F-2709621873DE}.Release|Any CPU.ActiveCfg = Release|Any CPU
		{8B74D4BA-15E9-4278-AD2F-2709621873DE}.Release|Any CPU.Build.0 = Release|Any CPU
		{8B74D4BA-15E9-4278-AD2F-2709621873DE}.Release|Mixed Platforms.ActiveCfg = Release|Any CPU
		{8B74D4BA-15E9-4278-AD2F-2709621873DE}.Release|Mixed Platforms.Build.0 = Release|Any CPU
		{8B74D4BA-15E9-4278-AD2F-2709621873DE}.Release|x86.ActiveCfg = Release|Any CPU
		{7E73372C-F9A3-4078-8D01-E2BB79B15A84}.Debug|Any CPU.ActiveCfg = Debug|Any CPU
		{7E73372C-F9A3-4078-8D01-E2BB79B15A84}.Debug|Any CPU.Build.0 = Debug|Any CPU
		{7E73372C-F9A3-4078-8D01-E2BB79B15A84}.Debug|Mixed Platforms.ActiveCfg = Debug|Any CPU
		{7E73372C-F9A3-4078-8D01-E2BB79B15A84}.Debug|Mixed Platforms.Build.0 = Debug|Any CPU
		{7E73372C-F9A3-4078-8D01-E2BB79B15A84}.Debug|x86.ActiveCfg = Debug|Any CPU
		{7E73372C-F9A3-4078-8D01-E2BB79B15A84}.Release|Any CPU.ActiveCfg = Release|Any CPU
		{7E73372C-F9A3-4078-8D01-E2BB79B15A84}.Release|Any CPU.Build.0 = Release|Any CPU
		{7E73372C-F9A3-4078-8D01-E2BB79B15A84}.Release|Mixed Platforms.ActiveCfg = Release|Any CPU
		{7E73372C-F9A3-4078-8D01-E2BB79B15A84}.Release|Mixed Platforms.Build.0 = Release|Any CPU
		{7E73372C-F9A3-4078-8D01-E2BB79B15A84}.Release|x86.ActiveCfg = Release|Any CPU
		{4FC435ED-7811-4E50-BC9C-76638A4101D5}.Debug|Any CPU.ActiveCfg = Debug|x86
		{4FC435ED-7811-4E50-BC9C-76638A4101D5}.Debug|Mixed Platforms.ActiveCfg = Debug|x86
		{4FC435ED-7811-4E50-BC9C-76638A4101D5}.Debug|Mixed Platforms.Build.0 = Debug|x86
		{4FC435ED-7811-4E50-BC9C-76638A4101D5}.Debug|x86.ActiveCfg = Debug|x86
		{4FC435ED-7811-4E50-BC9C-76638A4101D5}.Debug|x86.Build.0 = Debug|x86
		{4FC435ED-7811-4E50-BC9C-76638A4101D5}.Release|Any CPU.ActiveCfg = Release|x86
		{4FC435ED-7811-4E50-BC9C-76638A4101D5}.Release|Mixed Platforms.ActiveCfg = Release|x86
		{4FC435ED-7811-4E50-BC9C-76638A4101D5}.Release|Mixed Platforms.Build.0 = Release|x86
		{4FC435ED-7811-4E50-BC9C-76638A4101D5}.Release|x86.ActiveCfg = Release|x86
		{4FC435ED-7811-4E50-BC9C-76638A4101D5}.Release|x86.Build.0 = Release|x86
		{2769A09B-5F43-452D-A174-56B4BB2F77C8}.Debug|Any CPU.ActiveCfg = Debug|Any CPU
		{2769A09B-5F43-452D-A174-56B4BB2F77C8}.Debug|Any CPU.Build.0 = Debug|Any CPU
		{2769A09B-5F43-452D-A174-56B4BB2F77C8}.Debug|Mixed Platforms.ActiveCfg = Debug|Any CPU
		{2769A09B-5F43-452D-A174-56B4BB2F77C8}.Debug|Mixed Platforms.Build.0 = Debug|Any CPU
		{2769A09B-5F43-452D-A174-56B4BB2F77C8}.Debug|x86.ActiveCfg = Debug|Any CPU
		{2769A09B-5F43-452D-A174-56B4BB2F77C8}.Release|Any CPU.ActiveCfg = Release|Any CPU
		{2769A09B-5F43-452D-A174-56B4BB2F77C8}.Release|Any CPU.Build.0 = Release|Any CPU
		{2769A09B-5F43-452D-A174-56B4BB2F77C8}.Release|Mixed Platforms.ActiveCfg = Release|Any CPU
		{2769A09B-5F43-452D-A174-56B4BB2F77C8}.Release|Mixed Platforms.Build.0 = Release|Any CPU
		{2769A09B-5F43-452D-A174-56B4BB2F77C8}.Release|x86.ActiveCfg = Release|Any CPU
		{D50F88A7-7478-4828-980B-776190152706}.Debug|Any CPU.ActiveCfg = Debug|Any CPU
		{D50F88A7-7478-4828-980B-776190152706}.Debug|Any CPU.Build.0 = Debug|Any CPU
		{D50F88A7-7478-4828-980B-776190152706}.Debug|Mixed Platforms.ActiveCfg = Debug|Any CPU
		{D50F88A7-7478-4828-980B-776190152706}.Debug|Mixed Platforms.Build.0 = Debug|Any CPU
		{D50F88A7-7478-4828-980B-776190152706}.Debug|x86.ActiveCfg = Debug|Any CPU
		{D50F88A7-7478-4828-980B-776190152706}.Release|Any CPU.ActiveCfg = Release|Any CPU
		{D50F88A7-7478-4828-980B-776190152706}.Release|Any CPU.Build.0 = Release|Any CPU
		{D50F88A7-7478-4828-980B-776190152706}.Release|Mixed Platforms.ActiveCfg = Release|Any CPU
		{D50F88A7-7478-4828-980B-776190152706}.Release|Mixed Platforms.Build.0 = Release|Any CPU
		{D50F88A7-7478-4828-980B-776190152706}.Release|x86.ActiveCfg = Release|Any CPU
		{5254EEA7-30DC-4322-A4C4-62BC3D6CF8D7}.Debug|Any CPU.ActiveCfg = Debug|Any CPU
		{5254EEA7-30DC-4322-A4C4-62BC3D6CF8D7}.Debug|Any CPU.Build.0 = Debug|Any CPU
		{5254EEA7-30DC-4322-A4C4-62BC3D6CF8D7}.Debug|Mixed Platforms.ActiveCfg = Debug|Any CPU
		{5254EEA7-30DC-4322-A4C4-62BC3D6CF8D7}.Debug|Mixed Platforms.Build.0 = Debug|Any CPU
		{5254EEA7-30DC-4322-A4C4-62BC3D6CF8D7}.Debug|x86.ActiveCfg = Debug|Any CPU
		{5254EEA7-30DC-4322-A4C4-62BC3D6CF8D7}.Release|Any CPU.ActiveCfg = Release|Any CPU
		{5254EEA7-30DC-4322-A4C4-62BC3D6CF8D7}.Release|Any CPU.Build.0 = Release|Any CPU
		{5254EEA7-30DC-4322-A4C4-62BC3D6CF8D7}.Release|Mixed Platforms.ActiveCfg = Release|Any CPU
		{5254EEA7-30DC-4322-A4C4-62BC3D6CF8D7}.Release|Mixed Platforms.Build.0 = Release|Any CPU
		{5254EEA7-30DC-4322-A4C4-62BC3D6CF8D7}.Release|x86.ActiveCfg = Release|Any CPU
		{513C4B04-994E-4149-BFD6-A6910E0F95B8}.Debug|Any CPU.ActiveCfg = Debug|Any CPU
		{513C4B04-994E-4149-BFD6-A6910E0F95B8}.Debug|Any CPU.Build.0 = Debug|Any CPU
		{513C4B04-994E-4149-BFD6-A6910E0F95B8}.Debug|Mixed Platforms.ActiveCfg = Debug|Any CPU
		{513C4B04-994E-4149-BFD6-A6910E0F95B8}.Debug|Mixed Platforms.Build.0 = Debug|Any CPU
		{513C4B04-994E-4149-BFD6-A6910E0F95B8}.Debug|x86.ActiveCfg = Debug|Any CPU
		{513C4B04-994E-4149-BFD6-A6910E0F95B8}.Release|Any CPU.ActiveCfg = Release|Any CPU
		{513C4B04-994E-4149-BFD6-A6910E0F95B8}.Release|Any CPU.Build.0 = Release|Any CPU
		{513C4B04-994E-4149-BFD6-A6910E0F95B8}.Release|Mixed Platforms.ActiveCfg = Release|Any CPU
		{513C4B04-994E-4149-BFD6-A6910E0F95B8}.Release|Mixed Platforms.Build.0 = Release|Any CPU
		{513C4B04-994E-4149-BFD6-A6910E0F95B8}.Release|x86.ActiveCfg = Release|Any CPU
		{E421350F-D18D-4D30-B9EE-53CC360097FA}.Debug|Any CPU.ActiveCfg = Debug|Any CPU
		{E421350F-D18D-4D30-B9EE-53CC360097FA}.Debug|Any CPU.Build.0 = Debug|Any CPU
		{E421350F-D18D-4D30-B9EE-53CC360097FA}.Debug|Mixed Platforms.ActiveCfg = Debug|Any CPU
		{E421350F-D18D-4D30-B9EE-53CC360097FA}.Debug|Mixed Platforms.Build.0 = Debug|Any CPU
		{E421350F-D18D-4D30-B9EE-53CC360097FA}.Debug|x86.ActiveCfg = Debug|Any CPU
		{E421350F-D18D-4D30-B9EE-53CC360097FA}.Release|Any CPU.ActiveCfg = Release|Any CPU
		{E421350F-D18D-4D30-B9EE-53CC360097FA}.Release|Any CPU.Build.0 = Release|Any CPU
		{E421350F-D18D-4D30-B9EE-53CC360097FA}.Release|Mixed Platforms.ActiveCfg = Release|Any CPU
		{E421350F-D18D-4D30-B9EE-53CC360097FA}.Release|Mixed Platforms.Build.0 = Release|Any CPU
		{E421350F-D18D-4D30-B9EE-53CC360097FA}.Release|x86.ActiveCfg = Release|Any CPU
		{1D2777B8-FE77-40C3-9396-E4CCD7950F47}.Debug|Any CPU.ActiveCfg = Debug|Any CPU
		{1D2777B8-FE77-40C3-9396-E4CCD7950F47}.Debug|Any CPU.Build.0 = Debug|Any CPU
		{1D2777B8-FE77-40C3-9396-E4CCD7950F47}.Debug|Mixed Platforms.ActiveCfg = Debug|Any CPU
		{1D2777B8-FE77-40C3-9396-E4CCD7950F47}.Debug|Mixed Platforms.Build.0 = Debug|Any CPU
		{1D2777B8-FE77-40C3-9396-E4CCD7950F47}.Debug|x86.ActiveCfg = Debug|Any CPU
		{1D2777B8-FE77-40C3-9396-E4CCD7950F47}.Release|Any CPU.ActiveCfg = Release|Any CPU
		{1D2777B8-FE77-40C3-9396-E4CCD7950F47}.Release|Any CPU.Build.0 = Release|Any CPU
		{1D2777B8-FE77-40C3-9396-E4CCD7950F47}.Release|Mixed Platforms.ActiveCfg = Release|Any CPU
		{1D2777B8-FE77-40C3-9396-E4CCD7950F47}.Release|Mixed Platforms.Build.0 = Release|Any CPU
		{1D2777B8-FE77-40C3-9396-E4CCD7950F47}.Release|x86.ActiveCfg = Release|Any CPU
		{AC274EC8-B9F2-40E8-9F5B-1F3299F895C3}.Debug|Any CPU.ActiveCfg = Debug|Any CPU
		{AC274EC8-B9F2-40E8-9F5B-1F3299F895C3}.Debug|Any CPU.Build.0 = Debug|Any CPU
		{AC274EC8-B9F2-40E8-9F5B-1F3299F895C3}.Debug|Mixed Platforms.ActiveCfg = Debug|Any CPU
		{AC274EC8-B9F2-40E8-9F5B-1F3299F895C3}.Debug|Mixed Platforms.Build.0 = Debug|Any CPU
		{AC274EC8-B9F2-40E8-9F5B-1F3299F895C3}.Debug|x86.ActiveCfg = Debug|Any CPU
		{AC274EC8-B9F2-40E8-9F5B-1F3299F895C3}.Release|Any CPU.ActiveCfg = Release|Any CPU
		{AC274EC8-B9F2-40E8-9F5B-1F3299F895C3}.Release|Any CPU.Build.0 = Release|Any CPU
		{AC274EC8-B9F2-40E8-9F5B-1F3299F895C3}.Release|Mixed Platforms.ActiveCfg = Release|Any CPU
		{AC274EC8-B9F2-40E8-9F5B-1F3299F895C3}.Release|Mixed Platforms.Build.0 = Release|Any CPU
		{AC274EC8-B9F2-40E8-9F5B-1F3299F895C3}.Release|x86.ActiveCfg = Release|Any CPU
	EndGlobalSection
	GlobalSection(SolutionProperties) = preSolution
		HideSolutionNode = FALSE
	EndGlobalSection
	GlobalSection(NestedProjects) = preSolution
		{D50F88A7-7478-4828-980B-776190152706} = {2BDF1171-1DD2-44D0-AB6F-74623487E1B1}
		{5254EEA7-30DC-4322-A4C4-62BC3D6CF8D7} = {2BDF1171-1DD2-44D0-AB6F-74623487E1B1}
		{2769A09B-5F43-452D-A174-56B4BB2F77C8} = {2BDF1171-1DD2-44D0-AB6F-74623487E1B1}
		{1D2777B8-FE77-40C3-9396-E4CCD7950F47} = {65A88536-8FD8-471B-A1F2-F7F2935E73A2}
		{AC274EC8-B9F2-40E8-9F5B-1F3299F895C3} = {65A88536-8FD8-471B-A1F2-F7F2935E73A2}
	EndGlobalSection
EndGlobal
